[root]
name = "devilnput"
version = "0.1.0"
dependencies = [
 "argparse 0.2.1 (registry+https://github.com/rust-lang/crates.io-index)",
 "ioctl 0.3.3 (registry+https://github.com/rust-lang/crates.io-index)",
 "uinput-sys 0.1.5 (registry+https://github.com/rust-lang/crates.io-index)",
 "wraited-struct 0.1.0 (registry+https://github.com/rust-lang/crates.io-index)",
]

[[package]]
name = "argparse"
version = "0.2.1"
source = "registry+https://github.com/rust-lang/crates.io-index"

[[package]]
name = "bitflags"
version = "0.8.0"
source = "registry+https://github.com/rust-lang/crates.io-index"

[[package]]
name = "ioctl"
version = "0.3.3"
source = "registry+https://github.com/rust-lang/crates.io-index"
dependencies = [
 "bitflags 0.8.0 (registry+https://github.com/rust-lang/crates.io-index)",
 "libc 0.2.21 (registry+https://github.com/rust-lang/crates.io-index)",
]

[[package]]
name = "libc"
version = "0.2.21"
source = "registry+https://github.com/rust-lang/crates.io-index"

[[package]]
name = "uinput-sys"
version = "0.1.5"
source = "registry+https://github.com/rust-lang/crates.io-index"
dependencies = [
 "ioctl 0.3.3 (registry+https://github.com/rust-lang/crates.io-index)",
 "libc 0.2.21 (registry+https://github.com/rust-lang/crates.io-index)",
]

[[package]]
name = "wraited-struct"
version = "0.1.0"
source = "registry+https://github.com/rust-lang/crates.io-index"

[metadata]
"checksum argparse 0.2.1 (registry+https://github.com/rust-lang/crates.io-index)" = "37bb99f5e39ee8b23b6e227f5b8f024207e8616f44aa4b8c76ecd828011667ef"
"checksum bitflags 0.8.0 (registry+https://github.com/rust-lang/crates.io-index)" = "826e1ab483fc81a8143faa7203c4a3c02888ebd1a782e37e41fa34753ba9a162"
"checksum ioctl 0.3.3 (registry+https://github.com/rust-lang/crates.io-index)" = "913c6d845a9bcf05a135ee4a4aeaafdca2ca1ee9725a5ebbdb6258bb5239002c"
"checksum libc 0.2.21 (registry+https://github.com/rust-lang/crates.io-index)" = "88ee81885f9f04bff991e306fea7c1c60a5f0f9e409e99f6b40e3311a3363135"
"checksum uinput-sys 0.1.5 (registry+https://github.com/rust-lang/crates.io-index)" = "d84acf3c87fa598b775ef2e44e300eb5a267d46b108929212b3c095f25b57257"
"checksum wraited-struct 0.1.0 (registry+https://github.com/rust-lang/crates.io-index)" = "a79c7eb0b36c5c4b843410b9400107781b5a642487d6f7ce3e72b8180d8762c1"
